// !$*UTF8*$!
{
	archiveVersion = 1;
	classes = {
	};
	objectVersion = 46;
	objects = {

/* Begin PBXBuildFile section */
		FE53728F1F2A9C1A00EA72A9 /* AppDelegate.swift in Sources */ = {isa = PBXBuildFile; fileRef = FE53728E1F2A9C1A00EA72A9 /* AppDelegate.swift */; };
		FE5372911F2A9C1A00EA72A9 /* ViewController.swift in Sources */ = {isa = PBXBuildFile; fileRef = FE5372901F2A9C1A00EA72A9 /* ViewController.swift */; };
		FE5372941F2A9C1A00EA72A9 /* Main.storyboard in Resources */ = {isa = PBXBuildFile; fileRef = FE5372921F2A9C1A00EA72A9 /* Main.storyboard */; };
		FE5372961F2A9C1A00EA72A9 /* Assets.xcassets in Resources */ = {isa = PBXBuildFile; fileRef = FE5372951F2A9C1A00EA72A9 /* Assets.xcassets */; };
		FE5372991F2A9C1A00EA72A9 /* LaunchScreen.storyboard in Resources */ = {isa = PBXBuildFile; fileRef = FE5372971F2A9C1A00EA72A9 /* LaunchScreen.storyboard */; };
		FE73776C1F3BDDCC002A855A /* libgmp.a in Frameworks */ = {isa = PBXBuildFile; fileRef = FE7377651F3BDDCC002A855A /* libgmp.a */; };
		FE73776D1F3BDDCC002A855A /* GMPDouble.swift in Sources */ = {isa = PBXBuildFile; fileRef = FE7377691F3BDDCC002A855A /* GMPDouble.swift */; };
		FE73776E1F3BDDCC002A855A /* GMPInteger.swift in Sources */ = {isa = PBXBuildFile; fileRef = FE73776A1F3BDDCC002A855A /* GMPInteger.swift */; };
		FE7377711F3BE18F002A855A /* gmp.h in Headers */ = {isa = PBXBuildFile; fileRef = FE7377641F3BDDCC002A855A /* gmp.h */; };
/* End PBXBuildFile section */

/* Begin PBXFileReference section */
		FE53728B1F2A9C1A00EA72A9 /* TestFactorize.app */ = {isa = PBXFileReference; explicitFileType = wrapper.application; includeInIndex = 0; path = TestFactorize.app; sourceTree = BUILT_PRODUCTS_DIR; };
		FE53728E1F2A9C1A00EA72A9 /* AppDelegate.swift */ = {isa = PBXFileReference; lastKnownFileType = sourcecode.swift; path = AppDelegate.swift; sourceTree = "<group>"; };
		FE5372901F2A9C1A00EA72A9 /* ViewController.swift */ = {isa = PBXFileReference; lastKnownFileType = sourcecode.swift; path = ViewController.swift; sourceTree = "<group>"; };
		FE5372931F2A9C1A00EA72A9 /* Base */ = {isa = PBXFileReference; lastKnownFileType = file.storyboard; name = Base; path = Base.lproj/Main.storyboard; sourceTree = "<group>"; };
		FE5372951F2A9C1A00EA72A9 /* Assets.xcassets */ = {isa = PBXFileReference; lastKnownFileType = folder.assetcatalog; path = Assets.xcassets; sourceTree = "<group>"; };
		FE5372981F2A9C1A00EA72A9 /* Base */ = {isa = PBXFileReference; lastKnownFileType = file.storyboard; name = Base; path = Base.lproj/LaunchScreen.storyboard; sourceTree = "<group>"; };
		FE53729A1F2A9C1A00EA72A9 /* Info.plist */ = {isa = PBXFileReference; lastKnownFileType = text.plist.xml; path = Info.plist; sourceTree = "<group>"; };
		FE7377641F3BDDCC002A855A /* gmp.h */ = {isa = PBXFileReference; fileEncoding = 4; lastKnownFileType = sourcecode.c.h; path = gmp.h; sourceTree = "<group>"; };
		FE7377651F3BDDCC002A855A /* libgmp.a */ = {isa = PBXFileReference; lastKnownFileType = archive.ar; path = libgmp.a; sourceTree = "<group>"; };
		FE7377691F3BDDCC002A855A /* GMPDouble.swift */ = {isa = PBXFileReference; fileEncoding = 4; lastKnownFileType = sourcecode.swift; path = GMPDouble.swift; sourceTree = "<group>"; };
		FE73776A1F3BDDCC002A855A /* GMPInteger.swift */ = {isa = PBXFileReference; fileEncoding = 4; lastKnownFileType = sourcecode.swift; path = GMPInteger.swift; sourceTree = "<group>"; };
		FE7377731F3BE522002A855A /* TestFactorize-Bridging-Header.h */ = {isa = PBXFileReference; lastKnownFileType = sourcecode.c.h; path = "TestFactorize-Bridging-Header.h"; sourceTree = SOURCE_ROOT; };
/* End PBXFileReference section */

/* Begin PBXFrameworksBuildPhase section */
		FE5372881F2A9C1A00EA72A9 /* Frameworks */ = {
			isa = PBXFrameworksBuildPhase;
			buildActionMask = 2147483647;
			files = (
				FE73776C1F3BDDCC002A855A /* libgmp.a in Frameworks */,
			);
			runOnlyForDeploymentPostprocessing = 0;
		};
/* End PBXFrameworksBuildPhase section */

/* Begin PBXGroup section */
		FE5372821F2A9C1A00EA72A9 = {
			isa = PBXGroup;
			children = (
				FE53728D1F2A9C1A00EA72A9 /* TestFactorize */,
				FE53728C1F2A9C1A00EA72A9 /* Products */,
				FE5372A01F2A9CA400EA72A9 /* Frameworks */,
			);
			sourceTree = "<group>";
		};
		FE53728C1F2A9C1A00EA72A9 /* Products */ = {
			isa = PBXGroup;
			children = (
				FE53728B1F2A9C1A00EA72A9 /* TestFactorize.app */,
			);
			name = Products;
			sourceTree = "<group>";
		};
		FE53728D1F2A9C1A00EA72A9 /* TestFactorize */ = {
			isa = PBXGroup;
			children = (
				FE7377691F3BDDCC002A855A /* GMPDouble.swift */,
				FE73776A1F3BDDCC002A855A /* GMPInteger.swift */,
				FE7377621F3BDDCC002A855A /* GMPLib */,
				FE53728E1F2A9C1A00EA72A9 /* AppDelegate.swift */,
				FE5372901F2A9C1A00EA72A9 /* ViewController.swift */,
				FE5372921F2A9C1A00EA72A9 /* Main.storyboard */,
				FE5372951F2A9C1A00EA72A9 /* Assets.xcassets */,
				FE5372971F2A9C1A00EA72A9 /* LaunchScreen.storyboard */,
				FE53729A1F2A9C1A00EA72A9 /* Info.plist */,
				FE7377731F3BE522002A855A /* TestFactorize-Bridging-Header.h */,
			);
			path = TestFactorize;
			sourceTree = "<group>";
		};
		FE5372A01F2A9CA400EA72A9 /* Frameworks */ = {
			isa = PBXGroup;
			children = (
			);
			name = Frameworks;
			sourceTree = "<group>";
		};
		FE7377621F3BDDCC002A855A /* GMPLib */ = {
			isa = PBXGroup;
			children = (
				FE7377641F3BDDCC002A855A /* gmp.h */,
				FE7377651F3BDDCC002A855A /* libgmp.a */,
			);
			path = GMPLib;
			sourceTree = "<group>";
		};
/* End PBXGroup section */

/* Begin PBXHeadersBuildPhase section */
		FE7377701F3BE185002A855A /* Headers */ = {
			isa = PBXHeadersBuildPhase;
			buildActionMask = 2147483647;
			files = (
				FE7377711F3BE18F002A855A /* gmp.h in Headers */,
			);
			runOnlyForDeploymentPostprocessing = 0;
		};
/* End PBXHeadersBuildPhase section */

/* Begin PBXNativeTarget section */
		FE53728A1F2A9C1A00EA72A9 /* TestFactorize */ = {
			isa = PBXNativeTarget;
			buildConfigurationList = FE53729D1F2A9C1A00EA72A9 /* Build configuration list for PBXNativeTarget "TestFactorize" */;
			buildPhases = (
				FE5372871F2A9C1A00EA72A9 /* Sources */,
				FE5372881F2A9C1A00EA72A9 /* Frameworks */,
				FE5372891F2A9C1A00EA72A9 /* Resources */,
				FE7377701F3BE185002A855A /* Headers */,
			);
			buildRules = (
			);
			dependencies = (
			);
			name = TestFactorize;
			productName = TestFactorize;
			productReference = FE53728B1F2A9C1A00EA72A9 /* TestFactorize.app */;
			productType = "com.apple.product-type.application";
		};
/* End PBXNativeTarget section */

/* Begin PBXProject section */
		FE5372831F2A9C1A00EA72A9 /* Project object */ = {
			isa = PBXProject;
			attributes = {
				LastSwiftUpdateCheck = 0830;
				LastUpgradeCheck = 0830;
				ORGANIZATIONNAME = "Zhao Wang";
				TargetAttributes = {
					FE53728A1F2A9C1A00EA72A9 = {
						CreatedOnToolsVersion = 8.3.3;
						DevelopmentTeam = 94BRK5FB6C;
						ProvisioningStyle = Automatic;
					};
				};
			};
			buildConfigurationList = FE5372861F2A9C1A00EA72A9 /* Build configuration list for PBXProject "TestFactorize" */;
			compatibilityVersion = "Xcode 3.2";
			developmentRegion = English;
			hasScannedForEncodings = 0;
			knownRegions = (
				en,
				Base,
			);
			mainGroup = FE5372821F2A9C1A00EA72A9;
			productRefGroup = FE53728C1F2A9C1A00EA72A9 /* Products */;
			projectDirPath = "";
			projectRoot = "";
			targets = (
				FE53728A1F2A9C1A00EA72A9 /* TestFactorize */,
			);
		};
/* End PBXProject section */

/* Begin PBXResourcesBuildPhase section */
		FE5372891F2A9C1A00EA72A9 /* Resources */ = {
			isa = PBXResourcesBuildPhase;
			buildActionMask = 2147483647;
			files = (
				FE5372991F2A9C1A00EA72A9 /* LaunchScreen.storyboard in Resources */,
				FE5372961F2A9C1A00EA72A9 /* Assets.xcassets in Resources */,
				FE5372941F2A9C1A00EA72A9 /* Main.storyboard in Resources */,
			);
			runOnlyForDeploymentPostprocessing = 0;
		};
/* End PBXResourcesBuildPhase section */

/* Begin PBXSourcesBuildPhase section */
		FE5372871F2A9C1A00EA72A9 /* Sources */ = {
			isa = PBXSourcesBuildPhase;
			buildActionMask = 2147483647;
			files = (
				FE5372911F2A9C1A00EA72A9 /* ViewController.swift in Sources */,
				FE73776E1F3BDDCC002A855A /* GMPInteger.swift in Sources */,
				FE73776D1F3BDDCC002A855A /* GMPDouble.swift in Sources */,
				FE53728F1F2A9C1A00EA72A9 /* AppDelegate.swift in Sources */,
			);
			runOnlyForDeploymentPostprocessing = 0;
		};
/* End PBXSourcesBuildPhase section */

/* Begin PBXVariantGroup section */
		FE5372921F2A9C1A00EA72A9 /* Main.storyboard */ = {
			isa = PBXVariantGroup;
			children = (
				FE5372931F2A9C1A00EA72A9 /* Base */,
			);
			name = Main.storyboard;
			sourceTree = "<group>";
		};
		FE5372971F2A9C1A00EA72A9 /* LaunchScreen.storyboard */ = {
			isa = PBXVariantGroup;
			children = (
				FE5372981F2A9C1A00EA72A9 /* Base */,
			);
			name = LaunchScreen.storyboard;
			sourceTree = "<group>";
		};
/* End PBXVariantGroup section */

/* Begin XCBuildConfiguration section */
		FE53729B1F2A9C1A00EA72A9 /* Debug */ = {
			isa = XCBuildConfiguration;
			buildSettings = {
				ALWAYS_SEARCH_USER_PATHS = NO;
				CLANG_ANALYZER_NONNULL = YES;
				CLANG_ANALYZER_NUMBER_OBJECT_CONVERSION = YES_AGGRESSIVE;
				CLANG_CXX_LANGUAGE_STANDARD = "gnu++0x";
				CLANG_CXX_LIBRARY = "libc++";
				CLANG_ENABLE_MODULES = YES;
				CLANG_ENABLE_OBJC_ARC = YES;
				CLANG_WARN_BOOL_CONVERSION = YES;
				CLANG_WARN_CONSTANT_CONVERSION = YES;
				CLANG_WARN_DIRECT_OBJC_ISA_USAGE = YES_ERROR;
				CLANG_WARN_DOCUMENTATION_COMMENTS = YES;
				CLANG_WARN_EMPTY_BODY = YES;
				CLANG_WARN_ENUM_CONVERSION = YES;
				CLANG_WARN_INFINITE_RECURSION = YES;
				CLANG_WARN_INT_CONVERSION = YES;
				CLANG_WARN_OBJC_ROOT_CLASS = YES_ERROR;
				CLANG_WARN_SUSPICIOUS_MOVE = YES;
				CLANG_WARN_UNREACHABLE_CODE = YES;
				CLANG_WARN__DUPLICATE_METHOD_MATCH = YES;
				"CODE_SIGN_IDENTITY[sdk=iphoneos*]" = "iPhone Developer";
				COPY_PHASE_STRIP = NO;
				DEBUG_INFORMATION_FORMAT = dwarf;
				ENABLE_STRICT_OBJC_MSGSEND = YES;
				ENABLE_TESTABILITY = YES;
				GCC_C_LANGUAGE_STANDARD = gnu99;
				GCC_DYNAMIC_NO_PIC = NO;
				GCC_NO_COMMON_BLOCKS = YES;
				GCC_OPTIMIZATION_LEVEL = 0;
				GCC_PREPROCESSOR_DEFINITIONS = (
					"DEBUG=1",
					"$(inherited)",
				);
				GCC_WARN_64_TO_32_BIT_CONVERSION = YES;
				GCC_WARN_ABOUT_RETURN_TYPE = YES_ERROR;
				GCC_WARN_UNDECLARED_SELECTOR = YES;
				GCC_WARN_UNINITIALIZED_AUTOS = YES_AGGRESSIVE;
				GCC_WARN_UNUSED_FUNCTION = YES;
				GCC_WARN_UNUSED_VARIABLE = YES;
				IPHONEOS_DEPLOYMENT_TARGET = 8.2;
				MTL_ENABLE_DEBUG_INFO = YES;
				ONLY_ACTIVE_ARCH = YES;
				OTHER_CFLAGS = "-fembed-bitcode-marker";
				SDKROOT = iphoneos;
				SWIFT_ACTIVE_COMPILATION_CONDITIONS = DEBUG;
				SWIFT_OPTIMIZATION_LEVEL = "-Onone";
			};
			name = Debug;
		};
		FE53729C1F2A9C1A00EA72A9 /* Release */ = {
			isa = XCBuildConfiguration;
			buildSettings = {
				ALWAYS_SEARCH_USER_PATHS = NO;
				CLANG_ANALYZER_NONNULL = YES;
				CLANG_ANALYZER_NUMBER_OBJECT_CONVERSION = YES_AGGRESSIVE;
				CLANG_CXX_LANGUAGE_STANDARD = "gnu++0x";
				CLANG_CXX_LIBRARY = "libc++";
				CLANG_ENABLE_MODULES = YES;
				CLANG_ENABLE_OBJC_ARC = YES;
				CLANG_WARN_BOOL_CONVERSION = YES;
				CLANG_WARN_CONSTANT_CONVERSION = YES;
				CLANG_WARN_DIRECT_OBJC_ISA_USAGE = YES_ERROR;
				CLANG_WARN_DOCUMENTATION_COMMENTS = YES;
				CLANG_WARN_EMPTY_BODY = YES;
				CLANG_WARN_ENUM_CONVERSION = YES;
				CLANG_WARN_INFINITE_RECURSION = YES;
				CLANG_WARN_INT_CONVERSION = YES;
				CLANG_WARN_OBJC_ROOT_CLASS = YES_ERROR;
				CLANG_WARN_SUSPICIOUS_MOVE = YES;
				CLANG_WARN_UNREACHABLE_CODE = YES;
				CLANG_WARN__DUPLICATE_METHOD_MATCH = YES;
				"CODE_SIGN_IDENTITY[sdk=iphoneos*]" = "iPhone Developer";
				COPY_PHASE_STRIP = NO;
				DEBUG_INFORMATION_FORMAT = "dwarf-with-dsym";
				ENABLE_NS_ASSERTIONS = NO;
				ENABLE_STRICT_OBJC_MSGSEND = YES;
				GCC_C_LANGUAGE_STANDARD = gnu99;
				GCC_NO_COMMON_BLOCKS = YES;
				GCC_WARN_64_TO_32_BIT_CONVERSION = YES;
				GCC_WARN_ABOUT_RETURN_TYPE = YES_ERROR;
				GCC_WARN_UNDECLARED_SELECTOR = YES;
				GCC_WARN_UNINITIALIZED_AUTOS = YES_AGGRESSIVE;
				GCC_WARN_UNUSED_FUNCTION = YES;
				GCC_WARN_UNUSED_VARIABLE = YES;
				IPHONEOS_DEPLOYMENT_TARGET = 8.2;
				MTL_ENABLE_DEBUG_INFO = NO;
				OTHER_CFLAGS = "-fembed-bitcode";
				SDKROOT = iphoneos;
				SWIFT_OPTIMIZATION_LEVEL = "-Owholemodule";
				VALIDATE_PRODUCT = YES;
			};
			name = Release;
		};
		FE53729E1F2A9C1A00EA72A9 /* Debug */ = {
			isa = XCBuildConfiguration;
			buildSettings = {
				ASSETCATALOG_COMPILER_APPICON_NAME = AppIcon;
				DEFINES_MODULE = YES;
				DEVELOPMENT_TEAM = 94BRK5FB6C;
				FRAMEWORK_SEARCH_PATHS = (
					"$(inherited)",
					"$(SRCROOT)/TestFactorize/GMP",
				);
				INFOPLIST_FILE = TestFactorize/Info.plist;
				LD_RUNPATH_SEARCH_PATHS = "$(inherited) @executable_path/Frameworks";
				LIBRARY_SEARCH_PATHS = "$(PROJECT_DIR)/TestFactorize/GMPLib";
				MODULEMAP_FILE = "";
				PRODUCT_BUNDLE_IDENTIFIER = com.platoapp.Plato.Stage;
				PRODUCT_NAME = "$(TARGET_NAME)";
				SWIFT_OBJC_BRIDGING_HEADER = "TestFactorize-Bridging-Header.h";
				SWIFT_VERSION = 3.0;
			};
			name = Debug;
		};
		FE53729F1F2A9C1A00EA72A9 /* Release */ = {
			isa = XCBuildConfiguration;
			buildSettings = {
				ASSETCATALOG_COMPILER_APPICON_NAME = AppIcon;
				DEFINES_MODULE = YES;
				DEVELOPMENT_TEAM = 94BRK5FB6C;
				FRAMEWORK_SEARCH_PATHS = (
					"$(inherited)",
					"$(SRCROOT)/TestFactorize/GMP",
				);
				INFOPLIST_FILE = TestFactorize/Info.plist;
				LD_RUNPATH_SEARCH_PATHS = "$(inherited) @executable_path/Frameworks";
				LIBRARY_SEARCH_PATHS = "$(PROJECT_DIR)/TestFactorize/GMPLib";
				MODULEMAP_FILE = "";
				PRODUCT_BUNDLE_IDENTIFIER = com.platoapp.Plato.Stage;
				PRODUCT_NAME = "$(TARGET_NAME)";
				SWIFT_OBJC_BRIDGING_HEADER = "TestFactorize-Bridging-Header.h";
				SWIFT_VERSION = 3.0;
			};
			name = Release;
		};
/* End XCBuildConfiguration section */

/* Begin XCConfigurationList section */
		FE5372861F2A9C1A00EA72A9 /* Build configuration list for PBXProject "TestFactorize" */ = {
			isa = XCConfigurationList;
			buildConfigurations = (
				FE53729B1F2A9C1A00EA72A9 /* Debug */,
				FE53729C1F2A9C1A00EA72A9 /* Release */,
			);
			defaultConfigurationIsVisible = 0;
			defaultConfigurationName = Release;
		};
		FE53729D1F2A9C1A00EA72A9 /* Build configuration list for PBXNativeTarget "TestFactorize" */ = {
			isa = XCConfigurationList;
			buildConfigurations = (
				FE53729E1F2A9C1A00EA72A9 /* Debug */,
				FE53729F1F2A9C1A00EA72A9 /* Release */,
			);
			defaultConfigurationIsVisible = 0;
			defaultConfigurationName = Release;
		};
/* End XCConfigurationList section */
	};
	rootObject = FE5372831F2A9C1A00EA72A9 /* Project object */;
}
